{
  "name": "attheme-template-cli",
  "version": "0.1.0",
  "lockfileVersion": 1,
  "requires": true,
  "dependencies": {
    "attheme-js": {
      "version": "1.1.1",
      "resolved": "https://registry.npmjs.org/attheme-js/-/attheme-js-1.1.1.tgz",
      "integrity": "sha512-OHWZkeSoECEnYlJWVd388V65VQYkh4R9y8QOd4ESSafsFevOvc1vecVg5ZDqpJZGzS6du0Lo6m6kC6fdd6eLWA=="
    },
    "colors": {
      "version": "1.2.1",
      "resolved": "https://registry.npmjs.org/colors/-/colors-1.2.1.tgz",
      "integrity": "sha512-s8+wktIuDSLffCywiwSxQOMqtPxML11a/dtHE17tMn4B1MSWw/C22EKf7M2KGUBcDaVFEGT+S8N02geDXeuNKg=="
    }
  }
}
